
Microsoft Visual Studio Solution File, Format Version 12.00
# Visual Studio Version 17
VisualStudioVersion = 17.5.33530.505
MinimumVisualStudioVersion = 10.0.40219.1
Project("{FAE04EC0-301F-11D3-BF4B-00C04F79EFBC}") = "OpenAPI.Transcriber", "OpenAPI.Transcriber\OpenAPI.Transcriber.csproj", "{057F4B58-ED57-4BF0-B8C3-C7FD812CAB6A}"
EndProject
Global
	GlobalSection(SolutionConfigurationPlatforms) = preSolution
		Debug|Any CPU = Debug|Any CPU
		Release|Any CPU = Release|Any CPU
	EndGlobalSection
	GlobalSection(ProjectConfigurationPlatforms) = postSolution
		{057F4B58-ED57-4BF0-B8C3-C7FD812CAB6A}.Debug|Any CPU.ActiveCfg = Debug|Any CPU
		{057F4B58-ED57-4BF0-B8C3-C7FD812CAB6A}.Debug|Any CPU.Build.0 = Debug|Any CPU
		{057F4B58-ED57-4BF0-B8C3-C7FD812CAB6A}.Release|Any CPU.ActiveCfg = Release|Any CPU
		{057F4B58-ED57-4BF0-B8C3-C7FD812CAB6A}.Release|Any CPU.Build.0 = Release|Any CPU
	EndGlobalSection
	GlobalSection(SolutionProperties) = preSolution
		HideSolutionNode = FALSE
	EndGlobalSection
	GlobalSection(ExtensibilityGlobals) = postSolution
		SolutionGuid = {BA05AF06-5A88-4B7F-86FD-6973DF22BA0D}
	EndGlobalSection
EndGlobal
